github.com/davecgh/go-spew v1.1.1 h1:vj9j/u1bqnvCEfJOwUhtlOARqs3+rkHYY13jYWTU97c=
github.com/davecgh/go-spew v1.1.1/go.mod h1:J7Y8YcW2NihsgmVo/mv3lAwl/skON4iLHjSsI+c5H38=
github.com/joaovictorsl/fooche v0.0.0-20240309185827-d026c2c80895 h1:V+dTJlPDUEIvnIWla0HEigPXPq8vXeu5qSbYFMEyhtY=
github.com/joaovictorsl/fooche v0.0.0-20240309185827-d026c2c80895/go.mod h1:oNVDqRvSj4AvFK82aMLpz/XLgNmVVMezdaBv34J6IzM=
github.com/joaovictorsl/fooche v0.0.0-20240323045813-ad9ffc9aebe6 h1:k/GdsMwym7diskOCqZ7uJLrEqghBI0z+2WkYgPEDfaE=
github.com/joaovictorsl/fooche v0.0.0-20240323045813-ad9ffc9aebe6/go.mod h1:oNVDqRvSj4AvFK82aMLpz/XLgNmVVMezdaBv34J6IzM=
github.com/joaovictorsl/gollections v0.0.0-20240225183410-42aed52553f8 h1:eH7+Ioz2wiYd28JyvJE1MgfvQK2FjZPyOPCsv22tZH8=
github.com/joaovictorsl/gollections v0.0.0-20240225183410-42aed52553f8/go.mod h1:CzgDZ/8fXHWjyBHJUZlFAQTNa5fh/wEgqfx36Ng8CDE=
github.com/pmezard/go-difflib v1.0.0 h1:4DBwDE0NGyQoBHbLQYPwSUPoCMWR5BEzIk/f1lZbAQM=
github.com/pmezard/go-difflib v1.0.0/go.mod h1:iKH77koFhYxTK1pcRnkKkqfTogsbg7gZNVY4sRDYZ/4=
github.com/stretchr/testify v1.8.4 h1:CcVxjf3Q8PM0mHUKJCdn+eZZtm5yQwehR5yeSVQQcUk=
github.com/stretchr/testify v1.8.4/go.mod h1:sz/lmYIOXD/1dqDmKjjqLyZ2RngseejIcXlSw2iwfAo=
github.com/zeromicro/go-zero v1.6.2 h1:c1gXp6JTO0e+dtfwNZRE7OZgzjipfW8i1iBMoBnDwBI=
github.com/zeromicro/go-zero v1.6.2/go.mod h1:mQKK/c/er/sbIAo7DWyFBZX8oa0eOkc7QJdG15b2GBw=
golang.org/x/exp v0.0.0-20240222234643-814bf88cf225 h1:LfspQV/FYTatPTr/3HzIcmiUFH7PGP+OQ6mgDYo3yuQ=
golang.org/x/exp v0.0.0-20240222234643-814bf88cf225/go.mod h1:CxmFvTBINI24O/j8iY7H1xHzx2i4OsyguNBmN/uPtqc=
gopkg.in/check.v1 v0.0.0-20161208181325-20d25e280405 h1:yhCVgyC4o1eVCa2tZl7eS0r+SDo693bJlVdllGtEeKM=
gopkg.in/check.v1 v0.0.0-20161208181325-20d25e280405/go.mod h1:Co6ibVJAznAaIkqp8huTwlJQCZ016jof/cbN4VW5Yz0=
gopkg.in/yaml.v3 v3.0.1 h1:fxVm/GzAzEWqLHuvctI91KS9hhNmmWOoWu0XTYJS7CA=
gopkg.in/yaml.v3 v3.0.1/go.mod h1:K4uyk7z7BCEPqu6E+C64Yfv1cQ7kz7rIZviUmN+EgEM=
